
Microsoft Visual Studio Solution File, Format Version 12.00
# Visual Studio Version 17
VisualStudioVersion = 17.14.36518.9 d17.14
MinimumVisualStudioVersion = 10.0.40219.1
Project("{FAE04EC0-301F-11D3-BF4B-00C04F79EFBC}") = "MathematicalCombinations", "MathematicalCombinations\MathematicalCombinations.csproj", "{422F57EE-76FC-45CD-8CEF-D3CFCA11B011}"
EndProject
Global
	GlobalSection(SolutionConfigurationPlatforms) = preSolution
		Debug|Any CPU = Debug|Any CPU
		Release|Any CPU = Release|Any CPU
	EndGlobalSection
	GlobalSection(ProjectConfigurationPlatforms) = postSolution
		{422F57EE-76FC-45CD-8CEF-D3CFCA11B011}.Debug|Any CPU.ActiveCfg = Debug|Any CPU
		{422F57EE-76FC-45CD-8CEF-D3CFCA11B011}.Debug|Any CPU.Build.0 = Debug|Any CPU
		{422F57EE-76FC-45CD-8CEF-D3CFCA11B011}.Release|Any CPU.ActiveCfg = Release|Any CPU
		{422F57EE-76FC-45CD-8CEF-D3CFCA11B011}.Release|Any CPU.Build.0 = Release|Any CPU
	EndGlobalSection
	GlobalSection(SolutionProperties) = preSolution
		HideSolutionNode = FALSE
	EndGlobalSection
	GlobalSection(ExtensibilityGlobals) = postSolution
		SolutionGuid = {05032C4E-3BB5-4A4A-8DEC-799C8DA4660B}
	EndGlobalSection
EndGlobal
